
Microsoft Visual Studio Solution File, Format Version 12.00
# Visual Studio Version 17
VisualStudioVersion = 17.14.36202.13 d17.14
MinimumVisualStudioVersion = 10.0.40219.1
Project("{FAE04EC0-301F-11D3-BF4B-00C04F79EFBC}") = "Staj_2gun", "Staj_2gun\Staj_2gun.csproj", "{69DAE546-F728-4AFB-94EE-237EBE45E693}"
EndProject
Global
	GlobalSection(SolutionConfigurationPlatforms) = preSolution
		Debug|Any CPU = Debug|Any CPU
		Release|Any CPU = Release|Any CPU
	EndGlobalSection
	GlobalSection(ProjectConfigurationPlatforms) = postSolution
		{69DAE546-F728-4AFB-94EE-237EBE45E693}.Debug|Any CPU.ActiveCfg = Debug|Any CPU
		{69DAE546-F728-4AFB-94EE-237EBE45E693}.Debug|Any CPU.Build.0 = Debug|Any CPU
		{69DAE546-F728-4AFB-94EE-237EBE45E693}.Release|Any CPU.ActiveCfg = Release|Any CPU
		{69DAE546-F728-4AFB-94EE-237EBE45E693}.Release|Any CPU.Build.0 = Release|Any CPU
	EndGlobalSection
	GlobalSection(SolutionProperties) = preSolution
		HideSolutionNode = FALSE
	EndGlobalSection
	GlobalSection(ExtensibilityGlobals) = postSolution
		SolutionGuid = {B748BDDE-B58E-4929-8BDD-E369C6E0868E}
	EndGlobalSection
EndGlobal
