
Microsoft Visual Studio Solution File, Format Version 12.00
# Visual Studio Version 17
VisualStudioVersion = 17.14.36202.13
MinimumVisualStudioVersion = 10.0.40219.1
Project("{FAE04EC0-301F-11D3-BF4B-00C04F79EFBC}") = "Kullanici.API", "src\Services\Kullanici.API\Kullanici.API.csproj", "{142A92D1-1143-4B3A-BDD5-A973396D9BD9}"
EndProject
Project("{2150E333-8FDC-42A3-9474-1A3956D46DE8}") = "Çözüm Öğeleri", "Çözüm Öğeleri", "{AC80F682-3D55-C8F8-4895-A4A9EDD49434}"
	ProjectSection(SolutionItems) = preProject
		docker-compose.yml = docker-compose.yml
	EndProjectSection
EndProject
Project("{FAE04EC0-301F-11D3-BF4B-00C04F79EFBC}") = "ApiGateway", "src\Gateway\ApiGateway\ApiGateway.csproj", "{437E8A7E-09BA-43F1-BAA5-4A619C761303}"
EndProject
Project("{FAE04EC0-301F-11D3-BF4B-00C04F79EFBC}") = "Urun.API", "src\Services\Urun.API\Urun.API.csproj", "{B04AA6A2-A066-4630-BCF3-80C803BBFC61}"
EndProject
Project("{FAE04EC0-301F-11D3-BF4B-00C04F79EFBC}") = "WebBff.API", "src\BFF\WebBff.API\WebBff.API.csproj", "{15058D4A-35FC-4BC8-990A-D679CF6EF422}"
EndProject
Project("{FAE04EC0-301F-11D3-BF4B-00C04F79EFBC}") = "Siparis.API", "src\Services\Siparis.API\Siparis.API.csproj", "{2ED71AF1-F202-488D-9318-A9F4E2C3C96E}"
EndProject
Project("{FAE04EC0-301F-11D3-BF4B-00C04F79EFBC}") = "Shared.Contracts", "src\Common\Shared.Contracts\Shared.Contracts.csproj", "{36D52B03-9B87-403C-81CE-E1EEFC7CDDE9}"
EndProject
Project("{FAE04EC0-301F-11D3-BF4B-00C04F79EFBC}") = "Notifikasyon.Worker", "src\Workers\Notifikasyon.Worker\Notifikasyon.Worker.csproj", "{812BF1B1-07F9-412F-9AE6-D33E17758A93}"
EndProject
Project("{FAE04EC0-301F-11D3-BF4B-00C04F79EFBC}") = "Stok.Worker", "src\Workers\Stok.Worker\Stok.Worker.csproj", "{4A25FEFC-120C-4B99-AE29-72D5B6F67AA8}"
EndProject
Project("{FAE04EC0-301F-11D3-BF4B-00C04F79EFBC}") = "Iade.API", "src\Services\Iade.API\Iade.API.csproj", "{985F1A82-47D2-44F3-834E-0F8A5882E8C6}"
EndProject
Project("{FAE04EC0-301F-11D3-BF4B-00C04F79EFBC}") = "Rapor.API", "src\Services\Rapor.API\Rapor.API.csproj", "{880644F8-DD87-46C3-850F-AAE0BCA41109}"
EndProject
Global
	GlobalSection(SolutionConfigurationPlatforms) = preSolution
		Debug|Any CPU = Debug|Any CPU
		Release|Any CPU = Release|Any CPU
	EndGlobalSection
	GlobalSection(ProjectConfigurationPlatforms) = postSolution
		{142A92D1-1143-4B3A-BDD5-A973396D9BD9}.Debug|Any CPU.ActiveCfg = Debug|Any CPU
		{142A92D1-1143-4B3A-BDD5-A973396D9BD9}.Debug|Any CPU.Build.0 = Debug|Any CPU
		{142A92D1-1143-4B3A-BDD5-A973396D9BD9}.Release|Any CPU.ActiveCfg = Release|Any CPU
		{142A92D1-1143-4B3A-BDD5-A973396D9BD9}.Release|Any CPU.Build.0 = Release|Any CPU
		{437E8A7E-09BA-43F1-BAA5-4A619C761303}.Debug|Any CPU.ActiveCfg = Debug|Any CPU
		{437E8A7E-09BA-43F1-BAA5-4A619C761303}.Debug|Any CPU.Build.0 = Debug|Any CPU
		{437E8A7E-09BA-43F1-BAA5-4A619C761303}.Release|Any CPU.ActiveCfg = Release|Any CPU
		{437E8A7E-09BA-43F1-BAA5-4A619C761303}.Release|Any CPU.Build.0 = Release|Any CPU
		{B04AA6A2-A066-4630-BCF3-80C803BBFC61}.Debug|Any CPU.ActiveCfg = Debug|Any CPU
		{B04AA6A2-A066-4630-BCF3-80C803BBFC61}.Debug|Any CPU.Build.0 = Debug|Any CPU
		{B04AA6A2-A066-4630-BCF3-80C803BBFC61}.Release|Any CPU.ActiveCfg = Release|Any CPU
		{B04AA6A2-A066-4630-BCF3-80C803BBFC61}.Release|Any CPU.Build.0 = Release|Any CPU
		{15058D4A-35FC-4BC8-990A-D679CF6EF422}.Debug|Any CPU.ActiveCfg = Debug|Any CPU
		{15058D4A-35FC-4BC8-990A-D679CF6EF422}.Debug|Any CPU.Build.0 = Debug|Any CPU
		{15058D4A-35FC-4BC8-990A-D679CF6EF422}.Release|Any CPU.ActiveCfg = Release|Any CPU
		{15058D4A-35FC-4BC8-990A-D679CF6EF422}.Release|Any CPU.Build.0 = Release|Any CPU
		{2ED71AF1-F202-488D-9318-A9F4E2C3C96E}.Debug|Any CPU.ActiveCfg = Debug|Any CPU
		{2ED71AF1-F202-488D-9318-A9F4E2C3C96E}.Debug|Any CPU.Build.0 = Debug|Any CPU
		{2ED71AF1-F202-488D-9318-A9F4E2C3C96E}.Release|Any CPU.ActiveCfg = Release|Any CPU
		{2ED71AF1-F202-488D-9318-A9F4E2C3C96E}.Release|Any CPU.Build.0 = Release|Any CPU
		{36D52B03-9B87-403C-81CE-E1EEFC7CDDE9}.Debug|Any CPU.ActiveCfg = Debug|Any CPU
		{36D52B03-9B87-403C-81CE-E1EEFC7CDDE9}.Debug|Any CPU.Build.0 = Debug|Any CPU
		{36D52B03-9B87-403C-81CE-E1EEFC7CDDE9}.Release|Any CPU.ActiveCfg = Release|Any CPU
		{36D52B03-9B87-403C-81CE-E1EEFC7CDDE9}.Release|Any CPU.Build.0 = Release|Any CPU
		{812BF1B1-07F9-412F-9AE6-D33E17758A93}.Debug|Any CPU.ActiveCfg = Debug|Any CPU
		{812BF1B1-07F9-412F-9AE6-D33E17758A93}.Debug|Any CPU.Build.0 = Debug|Any CPU
		{812BF1B1-07F9-412F-9AE6-D33E17758A93}.Release|Any CPU.ActiveCfg = Release|Any CPU
		{812BF1B1-07F9-412F-9AE6-D33E17758A93}.Release|Any CPU.Build.0 = Release|Any CPU
		{4A25FEFC-120C-4B99-AE29-72D5B6F67AA8}.Debug|Any CPU.ActiveCfg = Debug|Any CPU
		{4A25FEFC-120C-4B99-AE29-72D5B6F67AA8}.Debug|Any CPU.Build.0 = Debug|Any CPU
		{4A25FEFC-120C-4B99-AE29-72D5B6F67AA8}.Release|Any CPU.ActiveCfg = Release|Any CPU
		{4A25FEFC-120C-4B99-AE29-72D5B6F67AA8}.Release|Any CPU.Build.0 = Release|Any CPU
		{985F1A82-47D2-44F3-834E-0F8A5882E8C6}.Debug|Any CPU.ActiveCfg = Debug|Any CPU
		{985F1A82-47D2-44F3-834E-0F8A5882E8C6}.Debug|Any CPU.Build.0 = Debug|Any CPU
		{985F1A82-47D2-44F3-834E-0F8A5882E8C6}.Release|Any CPU.ActiveCfg = Release|Any CPU
		{985F1A82-47D2-44F3-834E-0F8A5882E8C6}.Release|Any CPU.Build.0 = Release|Any CPU
		{880644F8-DD87-46C3-850F-AAE0BCA41109}.Debug|Any CPU.ActiveCfg = Debug|Any CPU
		{880644F8-DD87-46C3-850F-AAE0BCA41109}.Debug|Any CPU.Build.0 = Debug|Any CPU
		{880644F8-DD87-46C3-850F-AAE0BCA41109}.Release|Any CPU.ActiveCfg = Release|Any CPU
		{880644F8-DD87-46C3-850F-AAE0BCA41109}.Release|Any CPU.Build.0 = Release|Any CPU
	EndGlobalSection
	GlobalSection(SolutionProperties) = preSolution
		HideSolutionNode = FALSE
	EndGlobalSection
	GlobalSection(ExtensibilityGlobals) = postSolution
		SolutionGuid = {F8771CF1-55BF-444F-BE9D-077185924EA2}
	EndGlobalSection
EndGlobal
